
Microsoft Visual Studio Solution File, Format Version 12.00
# Visual Studio Version 16
VisualStudioVersion = 16.0.29905.134
MinimumVisualStudioVersion = 10.0.40219.1
Project("{FAE04EC0-301F-11D3-BF4B-00C04F79EFBC}") = "개미수열3", "개미수열3\개미수열3.csproj", "{F9FE6F91-D287-4B04-B448-D6A503C1B242}"
EndProject
Global
	GlobalSection(SolutionConfigurationPlatforms) = preSolution
		Debug|Any CPU = Debug|Any CPU
		Release|Any CPU = Release|Any CPU
	EndGlobalSection
	GlobalSection(ProjectConfigurationPlatforms) = postSolution
		{F9FE6F91-D287-4B04-B448-D6A503C1B242}.Debug|Any CPU.ActiveCfg = Debug|Any CPU
		{F9FE6F91-D287-4B04-B448-D6A503C1B242}.Debug|Any CPU.Build.0 = Debug|Any CPU
		{F9FE6F91-D287-4B04-B448-D6A503C1B242}.Release|Any CPU.ActiveCfg = Release|Any CPU
		{F9FE6F91-D287-4B04-B448-D6A503C1B242}.Release|Any CPU.Build.0 = Release|Any CPU
	EndGlobalSection
	GlobalSection(SolutionProperties) = preSolution
		HideSolutionNode = FALSE
	EndGlobalSection
	GlobalSection(ExtensibilityGlobals) = postSolution
		SolutionGuid = {7BCB3C82-017A-46EB-8444-80F940949561}
	EndGlobalSection
EndGlobal
